
Microsoft Visual Studio Solution File, Format Version 12.00
# Visual Studio Version 17
VisualStudioVersion = 17.11.35327.3
MinimumVisualStudioVersion = 10.0.40219.1
Project("{FAE04EC0-301F-11D3-BF4B-00C04F79EFBC}") = "CCAD16-Assignment1_1", "CCAD16-Assignment1_1.csproj", "{8681BF47-60E3-44CE-A173-405C7D34D74D}"
EndProject
Global
	GlobalSection(SolutionConfigurationPlatforms) = preSolution
		Debug|Any CPU = Debug|Any CPU
		Release|Any CPU = Release|Any CPU
	EndGlobalSection
	GlobalSection(ProjectConfigurationPlatforms) = postSolution
		{8681BF47-60E3-44CE-A173-405C7D34D74D}.Debug|Any CPU.ActiveCfg = Debug|Any CPU
		{8681BF47-60E3-44CE-A173-405C7D34D74D}.Debug|Any CPU.Build.0 = Debug|Any CPU
		{8681BF47-60E3-44CE-A173-405C7D34D74D}.Release|Any CPU.ActiveCfg = Release|Any CPU
		{8681BF47-60E3-44CE-A173-405C7D34D74D}.Release|Any CPU.Build.0 = Release|Any CPU
	EndGlobalSection
	GlobalSection(SolutionProperties) = preSolution
		HideSolutionNode = FALSE
	EndGlobalSection
	GlobalSection(ExtensibilityGlobals) = postSolution
		SolutionGuid = {0A4A3C0E-86E6-40D8-80E6-F37C4D45340C}
	EndGlobalSection
EndGlobal
